
Microsoft Visual Studio Solution File, Format Version 12.00
# Visual Studio Version 17
VisualStudioVersion = 17.9.34701.34
MinimumVisualStudioVersion = 10.0.40219.1
Project("{FAE04EC0-301F-11D3-BF4B-00C04F79EFBC}") = "week15oopandfiles", "week15oopandfiles\week15oopandfiles.csproj", "{06119C0E-B12F-4A98-B4CA-8B48E0C269AE}"
EndProject
Global
	GlobalSection(SolutionConfigurationPlatforms) = preSolution
		Debug|Any CPU = Debug|Any CPU
		Release|Any CPU = Release|Any CPU
	EndGlobalSection
	GlobalSection(ProjectConfigurationPlatforms) = postSolution
		{06119C0E-B12F-4A98-B4CA-8B48E0C269AE}.Debug|Any CPU.ActiveCfg = Debug|Any CPU
		{06119C0E-B12F-4A98-B4CA-8B48E0C269AE}.Debug|Any CPU.Build.0 = Debug|Any CPU
		{06119C0E-B12F-4A98-B4CA-8B48E0C269AE}.Release|Any CPU.ActiveCfg = Release|Any CPU
		{06119C0E-B12F-4A98-B4CA-8B48E0C269AE}.Release|Any CPU.Build.0 = Release|Any CPU
	EndGlobalSection
	GlobalSection(SolutionProperties) = preSolution
		HideSolutionNode = FALSE
	EndGlobalSection
	GlobalSection(ExtensibilityGlobals) = postSolution
		SolutionGuid = {0C7AB64A-3B0C-4C70-8910-A78657C6873D}
	EndGlobalSection
EndGlobal
